
Microsoft Visual Studio Solution File, Format Version 12.00
# Visual Studio Version 17
VisualStudioVersion = 17.7.34024.191
MinimumVisualStudioVersion = 10.0.40219.1
Project("{FAE04EC0-301F-11D3-BF4B-00C04F79EFBC}") = "Ailen CYOA", "Ailen CYOA.csproj", "{721A6D26-E29A-414D-96FE-439FB1CB9620}"
EndProject
Global
	GlobalSection(SolutionConfigurationPlatforms) = preSolution
		Debug|Any CPU = Debug|Any CPU
		Release|Any CPU = Release|Any CPU
	EndGlobalSection
	GlobalSection(ProjectConfigurationPlatforms) = postSolution
		{721A6D26-E29A-414D-96FE-439FB1CB9620}.Debug|Any CPU.ActiveCfg = Debug|Any CPU
		{721A6D26-E29A-414D-96FE-439FB1CB9620}.Debug|Any CPU.Build.0 = Debug|Any CPU
		{721A6D26-E29A-414D-96FE-439FB1CB9620}.Release|Any CPU.ActiveCfg = Release|Any CPU
		{721A6D26-E29A-414D-96FE-439FB1CB9620}.Release|Any CPU.Build.0 = Release|Any CPU
	EndGlobalSection
	GlobalSection(SolutionProperties) = preSolution
		HideSolutionNode = FALSE
	EndGlobalSection
	GlobalSection(ExtensibilityGlobals) = postSolution
		SolutionGuid = {AE6569B1-8C15-4B4D-9452-8A1273B7546B}
	EndGlobalSection
EndGlobal
